<?xml version="1.0" encoding="utf-8"?>
<Project ToolsVersion="4.0" xmlns="http://schemas.microsoft.com/developer/msbuild/2003">
  <ItemGroup>
    <Filter Include="Common">
      <UniqueIdentifier>6b3a9f66-518f-472a-960b-454711d6ee5b</UniqueIdentifier>
    </Filter>
    <Filter Include="Assets">
      <UniqueIdentifier>305cfd3f-bb57-4e1f-b131-e45df4d323fb</UniqueIdentifier>
      <Extensions>ico;cur;bmp;dds;dlg;fbx;rct;bin;rgs;gif;jpg;jpeg;jpe;resx;tga;tiff;tif;png;wav;mfcribbon-ms</Extensions>
    </Filter>
    <Filter Include="Game">
      <UniqueIdentifier>{fc7fcf1f-222c-4d14-8424-868572e5eeda}</UniqueIdentifier>
    </Filter>
    <Filter Include="Game\PlayScene">
      <UniqueIdentifier>{43e115e2-8b60-43a0-952b-78dc9914c439}</UniqueIdentifier>
    </Filter>
    <Filter Include="Game\TitleScene">
      <UniqueIdentifier>{82457628-7c47-4e1a-b66b-f7c31c8520d4}</UniqueIdentifier>
    </Filter>
    <Filter Include="Libraries">
      <UniqueIdentifier>{4815bf3b-80b6-4d50-b582-332fd26fac9b}</UniqueIdentifier>
    </Filter>
    <Filter Include="Libraries\MyLibraries">
      <UniqueIdentifier>{811c2a07-d587-445e-9410-603255c1846d}</UniqueIdentifier>
    </Filter>
    <Filter Include="Resources">
      <UniqueIdentifier>{20bda224-49e4-4621-bbd2-d3720eb4e2a5}</UniqueIdentifier>
    </Filter>
    <Filter Include="Resources\Textures">
      <UniqueIdentifier>{a7088ee9-fd00-4d18-b3f2-71b96f0dc9c8}</UniqueIdentifier>
    </Filter>
    <Filter Include="Resources\Fonts">
      <UniqueIdentifier>{eea3c579-7cc7-4e3d-b495-74ec5c148a13}</UniqueIdentifier>
    </Filter>
    <Filter Include="Resources\Icon">
      <UniqueIdentifier>{e17ffd14-7217-4e09-89a0-685e2df92d2e}</UniqueIdentifier>
    </Filter>
    <Filter Include="Resources\Models">
      <UniqueIdentifier>{89530e9a-e668-4911-9f24-e91850b1f232}</UniqueIdentifier>
    </Filter>
    <Filter Include="Game\ResultScene">
      <UniqueIdentifier>{f6075a0c-5467-49ad-b4df-c34187a668fb}</UniqueIdentifier>
    </Filter>
    <Filter Include="Game\LoadingScreen">
      <UniqueIdentifier>{b50f5b5e-175e-434c-ade3-68786a84d79b}</UniqueIdentifier>
    </Filter>
    <Filter Include="Game\LongMode">
      <UniqueIdentifier>{0a3e5399-456f-4a18-86c3-e67d98a4ca14}</UniqueIdentifier>
    </Filter>
    <Filter Include="Libraries\ADX2">
      <UniqueIdentifier>{5ee1b380-0535-4147-9079-94bfa1ccf64e}</UniqueIdentifier>
    </Filter>
    <Filter Include="Resources\Sounds">
      <UniqueIdentifier>{f2cd1bdf-cb9f-400d-8c97-f82d73918396}</UniqueIdentifier>
    </Filter>
    <Filter Include="Resources\Sounds\Public">
      <UniqueIdentifier>{d556648a-39af-42ff-a26a-48ed1a319050}</UniqueIdentifier>
    </Filter>
    <Filter Include="Game\Player">
      <UniqueIdentifier>{cb47e15f-49c1-4d03-a4fc-5b5258f7cb8a}</UniqueIdentifier>
    </Filter>
    <Filter Include="Game\LongMode_HARD">
      <UniqueIdentifier>{bb9d06fd-d3d9-4da5-bec6-7646da613282}</UniqueIdentifier>
    </Filter>
  </ItemGroup>
  <ItemGroup>
    <ClInclude Include="pch.h" />
    <ClInclude Include="Game.h" />
    <ClInclude Include="StepTimer.h">
      <Filter>Common</Filter>
    </ClInclude>
    <ClInclude Include="DeviceResources.h">
      <Filter>Common</Filter>
    </ClInclude>
    <ClInclude Include="Game\GameMain.h">
      <Filter>Game</Filter>
    </ClInclude>
    <ClInclude Include="Game\IScene.h">
      <Filter>Game</Filter>
    </ClInclude>
    <ClInclude Include="Game\PlayScene\PlayScene.h">
      <Filter>Game\PlayScene</Filter>
    </ClInclude>
    <ClInclude Include="Game\TitleScene\TitleScene.h">
      <Filter>Game\TitleScene</Filter>
    </ClInclude>
    <ClInclude Include="Libraries\MyLibraries\DebugCamera.h">
      <Filter>Libraries\MyLibraries</Filter>
    </ClInclude>
    <ClInclude Include="Libraries\MyLibraries\GridFloor.h">
      <Filter>Libraries\MyLibraries</Filter>
    </ClInclude>
    <ClInclude Include="Libraries\MyLibraries\Camera.h">
      <Filter>Libraries\MyLibraries</Filter>
    </ClInclude>
    <ClInclude Include="Resources\Icon\Icon.h">
      <Filter>Resources\Icon</Filter>
    </ClInclude>
    <ClInclude Include="Game\Player\Player.h">
      <Filter>Game\Player</Filter>
    </ClInclude>
    <ClInclude Include="Game\ResultScene\ResultScene.h">
      <Filter>Game\ResultScene</Filter>
    </ClInclude>
    <ClInclude Include="Game\LoadingScreen\LoadingScreen.h">
      <Filter>Game\LoadingScreen</Filter>
    </ClInclude>
    <ClInclude Include="Game\ILoadingScreen.h">
      <Filter>Game</Filter>
    </ClInclude>
    <ClInclude Include="Game\LongMode\LongMode.h">
      <Filter>Game\LongMode</Filter>
    </ClInclude>
    <ClInclude Include="Libraries\MyLibraries\Singleton.h">
      <Filter>Libraries\MyLibraries</Filter>
    </ClInclude>
    <ClInclude Include="Libraries\ADX2\Adx2.h">
      <Filter>Libraries\ADX2</Filter>
    </ClInclude>
    <ClInclude Include="Resources\Sounds\Public\CueSheet_0.h">
      <Filter>Resources\Sounds\Public</Filter>
    </ClInclude>
    <ClInclude Include="Game\LongMode_HARD\LongMode_HARD.h">
      <Filter>Game\LongMode_HARD</Filter>
    </ClInclude>
  </ItemGroup>
  <ItemGroup>
    <ClCompile Include="pch.cpp" />
    <ClCompile Include="Game.cpp" />
    <ClCompile Include="Main.cpp" />
    <ClCompile Include="DeviceResources.cpp">
      <Filter>Common</Filter>
    </ClCompile>
    <ClCompile Include="Game\GameMain.cpp">
      <Filter>Game</Filter>
    </ClCompile>
    <ClCompile Include="Game\PlayScene\PlayScene.cpp">
      <Filter>Game\PlayScene</Filter>
    </ClCompile>
    <ClCompile Include="Game\TitleScene\TitleScene.cpp">
      <Filter>Game\TitleScene</Filter>
    </ClCompile>
    <ClCompile Include="Libraries\MyLibraries\DebugCamera.cpp">
      <Filter>Libraries\MyLibraries</Filter>
    </ClCompile>
    <ClCompile Include="Libraries\MyLibraries\GridFloor.cpp">
      <Filter>Libraries\MyLibraries</Filter>
    </ClCompile>
    <ClCompile Include="Libraries\MyLibraries\Camera.cpp">
      <Filter>Libraries\MyLibraries</Filter>
    </ClCompile>
    <ClCompile Include="Game\Player\Player.cpp">
      <Filter>Game\Player</Filter>
    </ClCompile>
    <ClCompile Include="Game\ResultScene\ResultScene.cpp">
      <Filter>Game\ResultScene</Filter>
    </ClCompile>
    <ClCompile Include="Game\LoadingScreen\LoadingScreen.cpp">
      <Filter>Game\LoadingScreen</Filter>
    </ClCompile>
    <ClCompile Include="Game\LongMode\LongMode.cpp">
      <Filter>Game\LongMode</Filter>
    </ClCompile>
    <ClCompile Include="Libraries\ADX2\Adx2.cpp">
      <Filter>Libraries\ADX2</Filter>
    </ClCompile>
    <ClCompile Include="Game\LongMode_HARD\LongMode_HARD.cpp">
      <Filter>Game\LongMode_HARD</Filter>
    </ClCompile>
  </ItemGroup>
  <ItemGroup>
    <ResourceCompile Include="resource.rc" />
    <ResourceCompile Include="Resources\Icon\Icon.rc">
      <Filter>Resources\Icon</Filter>
    </ResourceCompile>
  </ItemGroup>
  <ItemGroup>
    <Image Include="directx.ico">
      <Filter>Assets</Filter>
    </Image>
    <Image Include="Resources\Textures\TridentLogo.png">
      <Filter>Resources\Textures</Filter>
    </Image>
    <Image Include="Resources\Icon\Icon.ico">
      <Filter>Resources\Icon</Filter>
    </Image>
  </ItemGroup>
  <ItemGroup>
    <Manifest Include="settings.manifest">
      <Filter>Assets</Filter>
    </Manifest>
  </ItemGroup>
  <ItemGroup>
    <None Include="Resources\Fonts\myfile.spritefont">
      <Filter>Resources\Fonts</Filter>
    </None>
    <None Include="Resources\Fonts\SegoeUI_18.spritefont">
      <Filter>Resources\Fonts</Filter>
    </None>
    <None Include="Game\copy_dll.bat">
      <Filter>Game</Filter>
    </None>
  </ItemGroup>
  <ItemGroup>
    <MeshContentTask Include="Resources\Assets\box.FBX">
      <Filter>Assets</Filter>
    </MeshContentTask>
    <MeshContentTask Include="Resources\Assets\Sky.fbx">
      <Filter>Assets</Filter>
    </MeshContentTask>
    <MeshContentTask Include="Resources\Assets\Goal.fbx">
      <Filter>Assets</Filter>
    </MeshContentTask>
    <MeshContentTask Include="Resources\Assets\Ground.fbx">
      <Filter>Assets</Filter>
    </MeshContentTask>
    <MeshContentTask Include="Resources\Assets\Goalpoal.fbx">
      <Filter>Assets</Filter>
    </MeshContentTask>
    <MeshContentTask Include="Resources\Assets\floor.fbx">
      <Filter>Assets</Filter>
    </MeshContentTask>
    <MeshContentTask Include="Resources\Assets\kaidan.fbx">
      <Filter>Assets</Filter>
    </MeshContentTask>
    <MeshContentTask Include="Resources\Assets\wall.fbx">
      <Filter>Assets</Filter>
    </MeshContentTask>
  </ItemGroup>
</Project>