
Microsoft Visual Studio Solution File, Format Version 12.00
# Visual Studio 15
VisualStudioVersion = 15.0.28307.1231
MinimumVisualStudioVersion = 10.0.40219.1
Project("{8BC9CEB8-8B4A-11D0-8D11-00A0C91BC942}") = "InteractiveSound", "InteractiveSound.vcxproj", "{9F990EAA-C93D-4A85-BE99-1B545EA654DF}"
EndProject
Global
	GlobalSection(SolutionConfigurationPlatforms) = preSolution
		Debug|x64 = Debug|x64
		Release|x64 = Release|x64
	EndGlobalSection
	GlobalSection(ProjectConfigurationPlatforms) = postSolution
		{9F990EAA-C93D-4A85-BE99-1B545EA654DF}.Debug|x64.ActiveCfg = Debug|x64
		{9F990EAA-C93D-4A85-BE99-1B545EA654DF}.Debug|x64.Build.0 = Debug|x64
		{9F990EAA-C93D-4A85-BE99-1B545EA654DF}.Release|x64.ActiveCfg = Release|x64
		{9F990EAA-C93D-4A85-BE99-1B545EA654DF}.Release|x64.Build.0 = Release|x64
	EndGlobalSection
	GlobalSection(SolutionProperties) = preSolution
		HideSolutionNode = FALSE
	EndGlobalSection
	GlobalSection(ExtensibilityGlobals) = postSolution
		SolutionGuid = {7C927DC8-65E5-448B-8280-0B72B8FA0393}
	EndGlobalSection
EndGlobal
